// !$*UTF8*$!
{
	archiveVersion = 1;
	classes = {
	};
	objectVersion = 46;
	objects = {

/* Begin PBXBuildFile section */
		176BBB2F215B778700CF475D /* AppDelegate.m in Sources */ = {isa = PBXBuildFile; fileRef = 176BBB2E215B778700CF475D /* AppDelegate.m */; };
		176BBB32215B778700CF475D /* main.m in Sources */ = {isa = PBXBuildFile; fileRef = 176BBB31215B778700CF475D /* main.m */; };
		176BBB34215B778700CF475D /* Assets.xcassets in Resources */ = {isa = PBXBuildFile; fileRef = 176BBB33215B778700CF475D /* Assets.xcassets */; };
		176BBB37215B778700CF475D /* MainMenu.xib in Resources */ = {isa = PBXBuildFile; fileRef = 176BBB35215B778700CF475D /* MainMenu.xib */; };
/* End PBXBuildFile section */

/* Begin PBXFileReference section */
		176BBB2A215B778700CF475D /* ChargePercentageCheck.app */ = {isa = PBXFileReference; explicitFileType = wrapper.application; includeInIndex = 0; path = ChargePercentageCheck.app; sourceTree = BUILT_PRODUCTS_DIR; };
		176BBB2D215B778700CF475D /* AppDelegate.h */ = {isa = PBXFileReference; lastKnownFileType = sourcecode.c.h; path = AppDelegate.h; sourceTree = "<group>"; };
		176BBB2E215B778700CF475D /* AppDelegate.m */ = {isa = PBXFileReference; lastKnownFileType = sourcecode.c.objc; path = AppDelegate.m; sourceTree = "<group>"; };
		176BBB31215B778700CF475D /* main.m */ = {isa = PBXFileReference; lastKnownFileType = sourcecode.c.objc; path = main.m; sourceTree = "<group>"; };
		176BBB33215B778700CF475D /* Assets.xcassets */ = {isa = PBXFileReference; lastKnownFileType = folder.assetcatalog; path = Assets.xcassets; sourceTree = "<group>"; };
		176BBB36215B778700CF475D /* Base */ = {isa = PBXFileReference; lastKnownFileType = file.xib; name = Base; path = Base.lproj/MainMenu.xib; sourceTree = "<group>"; };
		176BBB38215B778700CF475D /* Info.plist */ = {isa = PBXFileReference; lastKnownFileType = text.plist.xml; path = Info.plist; sourceTree = "<group>"; };
/* End PBXFileReference section */

/* Begin PBXFrameworksBuildPhase section */
		176BBB27215B778700CF475D /* Frameworks */ = {
			isa = PBXFrameworksBuildPhase;
			buildActionMask = 2147483647;
			files = (
			);
			runOnlyForDeploymentPostprocessing = 0;
		};
/* End PBXFrameworksBuildPhase section */

/* Begin PBXGroup section */
		176BBB21215B778700CF475D = {
			isa = PBXGroup;
			children = (
				176BBB2C215B778700CF475D /* ChargePercentageCheck */,
				176BBB2B215B778700CF475D /* Products */,
			);
			sourceTree = "<group>";
		};
		176BBB2B215B778700CF475D /* Products */ = {
			isa = PBXGroup;
			children = (
				176BBB2A215B778700CF475D /* ChargePercentageCheck.app */,
			);
			name = Products;
			sourceTree = "<group>";
		};
		176BBB2C215B778700CF475D /* ChargePercentageCheck */ = {
			isa = PBXGroup;
			children = (
				176BBB2D215B778700CF475D /* AppDelegate.h */,
				176BBB2E215B778700CF475D /* AppDelegate.m */,
				176BBB33215B778700CF475D /* Assets.xcassets */,
				176BBB35215B778700CF475D /* MainMenu.xib */,
				176BBB38215B778700CF475D /* Info.plist */,
				176BBB30215B778700CF475D /* Supporting Files */,
			);
			path = ChargePercentageCheck;
			sourceTree = "<group>";
		};
		176BBB30215B778700CF475D /* Supporting Files */ = {
			isa = PBXGroup;
			children = (
				176BBB31215B778700CF475D /* main.m */,
			);
			name = "Supporting Files";
			sourceTree = "<group>";
		};
/* End PBXGroup section */

/* Begin PBXNativeTarget section */
		176BBB29215B778700CF475D /* ChargePercentageCheck */ = {
			isa = PBXNativeTarget;
			buildConfigurationList = 176BBB3B215B778700CF475D /* Build configuration list for PBXNativeTarget "ChargePercentageCheck" */;
			buildPhases = (
				176BBB26215B778700CF475D /* Sources */,
				176BBB27215B778700CF475D /* Frameworks */,
				176BBB28215B778700CF475D /* Resources */,
			);
			buildRules = (
			);
			dependencies = (
			);
			name = ChargePercentageCheck;
			productName = ChargePercentageCheck;
			productReference = 176BBB2A215B778700CF475D /* ChargePercentageCheck.app */;
			productType = "com.apple.product-type.application";
		};
/* End PBXNativeTarget section */

/* Begin PBXProject section */
		176BBB22215B778700CF475D /* Project object */ = {
			isa = PBXProject;
			attributes = {
				LastUpgradeCheck = 0820;
				ORGANIZATIONNAME = " Fish";
				TargetAttributes = {
					176BBB29215B778700CF475D = {
						CreatedOnToolsVersion = 8.2;
						ProvisioningStyle = Automatic;
					};
				};
			};
			buildConfigurationList = 176BBB25215B778700CF475D /* Build configuration list for PBXProject "ChargePercentageCheck" */;
			compatibilityVersion = "Xcode 3.2";
			developmentRegion = English;
			hasScannedForEncodings = 0;
			knownRegions = (
				en,
				Base,
			);
			mainGroup = 176BBB21215B778700CF475D;
			productRefGroup = 176BBB2B215B778700CF475D /* Products */;
			projectDirPath = "";
			projectRoot = "";
			targets = (
				176BBB29215B778700CF475D /* ChargePercentageCheck */,
			);
		};
/* End PBXProject section */

/* Begin PBXResourcesBuildPhase section */
		176BBB28215B778700CF475D /* Resources */ = {
			isa = PBXResourcesBuildPhase;
			buildActionMask = 2147483647;
			files = (
				176BBB34215B778700CF475D /* Assets.xcassets in Resources */,
				176BBB37215B778700CF475D /* MainMenu.xib in Resources */,
			);
			runOnlyForDeploymentPostprocessing = 0;
		};
/* End PBXResourcesBuildPhase section */

/* Begin PBXSourcesBuildPhase section */
		176BBB26215B778700CF475D /* Sources */ = {
			isa = PBXSourcesBuildPhase;
			buildActionMask = 2147483647;
			files = (
				176BBB32215B778700CF475D /* main.m in Sources */,
				176BBB2F215B778700CF475D /* AppDelegate.m in Sources */,
			);
			runOnlyForDeploymentPostprocessing = 0;
		};
/* End PBXSourcesBuildPhase section */

/* Begin PBXVariantGroup section */
		176BBB35215B778700CF475D /* MainMenu.xib */ = {
			isa = PBXVariantGroup;
			children = (
				176BBB36215B778700CF475D /* Base */,
			);
			name = MainMenu.xib;
			sourceTree = "<group>";
		};
/* End PBXVariantGroup section */

/* Begin XCBuildConfiguration section */
		176BBB39215B778700CF475D /* Debug */ = {
			isa = XCBuildConfiguration;
			buildSettings = {
				ALWAYS_SEARCH_USER_PATHS = NO;
				CLANG_ANALYZER_NONNULL = YES;
				CLANG_CXX_LANGUAGE_STANDARD = "gnu++0x";
				CLANG_CXX_LIBRARY = "libc++";
				CLANG_ENABLE_MODULES = YES;
				CLANG_ENABLE_OBJC_ARC = YES;
				CLANG_WARN_BOOL_CONVERSION = YES;
				CLANG_WARN_CONSTANT_CONVERSION = YES;
				CLANG_WARN_DIRECT_OBJC_ISA_USAGE = YES_ERROR;
				CLANG_WARN_DOCUMENTATION_COMMENTS = YES;
				CLANG_WARN_EMPTY_BODY = YES;
				CLANG_WARN_ENUM_CONVERSION = YES;
				CLANG_WARN_INFINITE_RECURSION = YES;
				CLANG_WARN_INT_CONVERSION = YES;
				CLANG_WARN_OBJC_ROOT_CLASS = YES_ERROR;
				CLANG_WARN_SUSPICIOUS_MOVE = YES;
				CLANG_WARN_UNREACHABLE_CODE = YES;
				CLANG_WARN__DUPLICATE_METHOD_MATCH = YES;
				CODE_SIGN_IDENTITY = "-";
				COPY_PHASE_STRIP = NO;
				DEBUG_INFORMATION_FORMAT = dwarf;
				ENABLE_STRICT_OBJC_MSGSEND = YES;
				ENABLE_TESTABILITY = YES;
				GCC_C_LANGUAGE_STANDARD = gnu99;
				GCC_DYNAMIC_NO_PIC = NO;
				GCC_NO_COMMON_BLOCKS = YES;
				GCC_OPTIMIZATION_LEVEL = 0;
				GCC_PREPROCESSOR_DEFINITIONS = (
					"DEBUG=1",
					"$(inherited)",
				);
				GCC_WARN_64_TO_32_BIT_CONVERSION = YES;
				GCC_WARN_ABOUT_RETURN_TYPE = YES_ERROR;
				GCC_WARN_UNDECLARED_SELECTOR = YES;
				GCC_WARN_UNINITIALIZED_AUTOS = YES_AGGRESSIVE;
				GCC_WARN_UNUSED_FUNCTION = YES;
				GCC_WARN_UNUSED_VARIABLE = YES;
				MACOSX_DEPLOYMENT_TARGET = 10.12;
				MTL_ENABLE_DEBUG_INFO = YES;
				ONLY_ACTIVE_ARCH = YES;
				SDKROOT = macosx;
			};
			name = Debug;
		};
		176BBB3A215B778700CF475D /* Release */ = {
			isa = XCBuildConfiguration;
			buildSettings = {
				ALWAYS_SEARCH_USER_PATHS = NO;
				CLANG_ANALYZER_NONNULL = YES;
				CLANG_CXX_LANGUAGE_STANDARD = "gnu++0x";
				CLANG_CXX_LIBRARY = "libc++";
				CLANG_ENABLE_MODULES = YES;
				CLANG_ENABLE_OBJC_ARC = YES;
				CLANG_WARN_BOOL_CONVERSION = YES;
				CLANG_WARN_CONSTANT_CONVERSION = YES;
				CLANG_WARN_DIRECT_OBJC_ISA_USAGE = YES_ERROR;
				CLANG_WARN_DOCUMENTATION_COMMENTS = YES;
				CLANG_WARN_EMPTY_BODY = YES;
				CLANG_WARN_ENUM_CONVERSION = YES;
				CLANG_WARN_INFINITE_RECURSION = YES;
				CLANG_WARN_INT_CONVERSION = YES;
				CLANG_WARN_OBJC_ROOT_CLASS = YES_ERROR;
				CLANG_WARN_SUSPICIOUS_MOVE = YES;
				CLANG_WARN_UNREACHABLE_CODE = YES;
				CLANG_WARN__DUPLICATE_METHOD_MATCH = YES;
				CODE_SIGN_IDENTITY = "-";
				COPY_PHASE_STRIP = NO;
				DEBUG_INFORMATION_FORMAT = "dwarf-with-dsym";
				ENABLE_NS_ASSERTIONS = NO;
				ENABLE_STRICT_OBJC_MSGSEND = YES;
				GCC_C_LANGUAGE_STANDARD = gnu99;
				GCC_NO_COMMON_BLOCKS = YES;
				GCC_WARN_64_TO_32_BIT_CONVERSION = YES;
				GCC_WARN_ABOUT_RETURN_TYPE = YES_ERROR;
				GCC_WARN_UNDECLARED_SELECTOR = YES;
				GCC_WARN_UNINITIALIZED_AUTOS = YES_AGGRESSIVE;
				GCC_WARN_UNUSED_FUNCTION = YES;
				GCC_WARN_UNUSED_VARIABLE = YES;
				MACOSX_DEPLOYMENT_TARGET = 10.12;
				MTL_ENABLE_DEBUG_INFO = NO;
				SDKROOT = macosx;
			};
			name = Release;
		};
		176BBB3C215B778700CF475D /* Debug */ = {
			isa = XCBuildConfiguration;
			buildSettings = {
				ASSETCATALOG_COMPILER_APPICON_NAME = AppIcon;
				COMBINE_HIDPI_IMAGES = YES;
				INFOPLIST_FILE = ChargePercentageCheck/Info.plist;
				LD_RUNPATH_SEARCH_PATHS = "$(inherited) @executable_path/../Frameworks";
				PRODUCT_BUNDLE_IDENTIFIER = edu.fish.ChargePercentageCheck;
				PRODUCT_NAME = "$(TARGET_NAME)";
			};
			name = Debug;
		};
		176BBB3D215B778700CF475D /* Release */ = {
			isa = XCBuildConfiguration;
			buildSettings = {
				ASSETCATALOG_COMPILER_APPICON_NAME = AppIcon;
				COMBINE_HIDPI_IMAGES = YES;
				INFOPLIST_FILE = ChargePercentageCheck/Info.plist;
				LD_RUNPATH_SEARCH_PATHS = "$(inherited) @executable_path/../Frameworks";
				PRODUCT_BUNDLE_IDENTIFIER = edu.fish.ChargePercentageCheck;
				PRODUCT_NAME = "$(TARGET_NAME)";
			};
			name = Release;
		};
/* End XCBuildConfiguration section */

/* Begin XCConfigurationList section */
		176BBB25215B778700CF475D /* Build configuration list for PBXProject "ChargePercentageCheck" */ = {
			isa = XCConfigurationList;
			buildConfigurations = (
				176BBB39215B778700CF475D /* Debug */,
				176BBB3A215B778700CF475D /* Release */,
			);
			defaultConfigurationIsVisible = 0;
			defaultConfigurationName = Release;
		};
		176BBB3B215B778700CF475D /* Build configuration list for PBXNativeTarget "ChargePercentageCheck" */ = {
			isa = XCConfigurationList;
			buildConfigurations = (
				176BBB3C215B778700CF475D /* Debug */,
				176BBB3D215B778700CF475D /* Release */,
			);
			defaultConfigurationIsVisible = 0;
		};
/* End XCConfigurationList section */
	};
	rootObject = 176BBB22215B778700CF475D /* Project object */;
}
